dependencies:
- name: common
  repository: https://charts.stakewise.io/
  version: 1.0.0
- name: postgresql
  repository: https://charts.bitnami.com/bitnami/
  version: 12.1.4
- name: ipfs
  repository: https://charts.offchain.ro/
  version: 1.1.0
digest: sha256:5c17f7dcfb799ddeccf0de2a79afcaf4d6ba767577a5ad4a0e5312fc48f8e4d7
generated: "2023-02-07T21:41:10.124343+02:00"
